
Microsoft Visual Studio Solution File, Format Version 12.00
# Visual Studio Express 2013 for Windows Desktop
VisualStudioVersion = 12.0.20827.3
MinimumVisualStudioVersion = 10.0.40219.1
Project("{FAE04EC0-301F-11D3-BF4B-00C04F79EFBC}") = "Cap03_Ex04", "Cap03_Ex04\Cap03_Ex04.csproj", "{02D9B1A3-4035-4889-937D-5F18FE1C8884}"
EndProject
Global
	GlobalSection(SolutionConfigurationPlatforms) = preSolution
		Debug|Any CPU = Debug|Any CPU
		Release|Any CPU = Release|Any CPU
	EndGlobalSection
	GlobalSection(ProjectConfigurationPlatforms) = postSolution
		{02D9B1A3-4035-4889-937D-5F18FE1C8884}.Debug|Any CPU.ActiveCfg = Debug|Any CPU
		{02D9B1A3-4035-4889-937D-5F18FE1C8884}.Debug|Any CPU.Build.0 = Debug|Any CPU
		{02D9B1A3-4035-4889-937D-5F18FE1C8884}.Release|Any CPU.ActiveCfg = Release|Any CPU
		{02D9B1A3-4035-4889-937D-5F18FE1C8884}.Release|Any CPU.Build.0 = Release|Any CPU
	EndGlobalSection
	GlobalSection(SolutionProperties) = preSolution
		HideSolutionNode = FALSE
	EndGlobalSection
EndGlobal
