
Microsoft Visual Studio Solution File, Format Version 12.00
# Visual Studio Express 2013 for Windows Desktop
VisualStudioVersion = 12.0.20827.3
MinimumVisualStudioVersion = 10.0.40219.1
Project("{FAE04EC0-301F-11D3-BF4B-00C04F79EFBC}") = "Cap04_Ex10", "Cap04_Ex10\Cap04_Ex10.csproj", "{D097A7FE-A0E8-4587-A3F8-215EA974F57B}"
EndProject
Global
	GlobalSection(SolutionConfigurationPlatforms) = preSolution
		Debug|Any CPU = Debug|Any CPU
		Release|Any CPU = Release|Any CPU
	EndGlobalSection
	GlobalSection(ProjectConfigurationPlatforms) = postSolution
		{D097A7FE-A0E8-4587-A3F8-215EA974F57B}.Debug|Any CPU.ActiveCfg = Debug|Any CPU
		{D097A7FE-A0E8-4587-A3F8-215EA974F57B}.Debug|Any CPU.Build.0 = Debug|Any CPU
		{D097A7FE-A0E8-4587-A3F8-215EA974F57B}.Release|Any CPU.ActiveCfg = Release|Any CPU
		{D097A7FE-A0E8-4587-A3F8-215EA974F57B}.Release|Any CPU.Build.0 = Release|Any CPU
	EndGlobalSection
	GlobalSection(SolutionProperties) = preSolution
		HideSolutionNode = FALSE
	EndGlobalSection
EndGlobal
